
Microsoft Visual Studio Solution File, Format Version 12.00
# Visual Studio Version 17
VisualStudioVersion = 17.4.33103.184
MinimumVisualStudioVersion = 10.0.40219.1
Project("{FAE04EC0-301F-11D3-BF4B-00C04F79EFBC}") = "Exercicio1", "Exercicio1\Exercicio1.csproj", "{3E26F978-806F-484B-A97C-CA64B3916F49}"
EndProject
Project("{FAE04EC0-301F-11D3-BF4B-00C04F79EFBC}") = "Exercicio3", "Exercicio3\Exercicio3.csproj", "{463EE25F-6073-4A2F-8A1E-5F5832636374}"
EndProject
Project("{FAE04EC0-301F-11D3-BF4B-00C04F79EFBC}") = "Exercicio4", "Exercicio4\Exercicio4.csproj", "{A4551173-7A50-49A3-AEED-7E9010909EE4}"
EndProject
Global
	GlobalSection(SolutionConfigurationPlatforms) = preSolution
		Debug|Any CPU = Debug|Any CPU
		Release|Any CPU = Release|Any CPU
	EndGlobalSection
	GlobalSection(ProjectConfigurationPlatforms) = postSolution
		{3E26F978-806F-484B-A97C-CA64B3916F49}.Debug|Any CPU.ActiveCfg = Debug|Any CPU
		{3E26F978-806F-484B-A97C-CA64B3916F49}.Debug|Any CPU.Build.0 = Debug|Any CPU
		{3E26F978-806F-484B-A97C-CA64B3916F49}.Release|Any CPU.ActiveCfg = Release|Any CPU
		{3E26F978-806F-484B-A97C-CA64B3916F49}.Release|Any CPU.Build.0 = Release|Any CPU
		{463EE25F-6073-4A2F-8A1E-5F5832636374}.Debug|Any CPU.ActiveCfg = Debug|Any CPU
		{463EE25F-6073-4A2F-8A1E-5F5832636374}.Debug|Any CPU.Build.0 = Debug|Any CPU
		{463EE25F-6073-4A2F-8A1E-5F5832636374}.Release|Any CPU.ActiveCfg = Release|Any CPU
		{463EE25F-6073-4A2F-8A1E-5F5832636374}.Release|Any CPU.Build.0 = Release|Any CPU
		{A4551173-7A50-49A3-AEED-7E9010909EE4}.Debug|Any CPU.ActiveCfg = Debug|Any CPU
		{A4551173-7A50-49A3-AEED-7E9010909EE4}.Debug|Any CPU.Build.0 = Debug|Any CPU
		{A4551173-7A50-49A3-AEED-7E9010909EE4}.Release|Any CPU.ActiveCfg = Release|Any CPU
		{A4551173-7A50-49A3-AEED-7E9010909EE4}.Release|Any CPU.Build.0 = Release|Any CPU
	EndGlobalSection
	GlobalSection(SolutionProperties) = preSolution
		HideSolutionNode = FALSE
	EndGlobalSection
	GlobalSection(ExtensibilityGlobals) = postSolution
		SolutionGuid = {7352B642-BDB9-476E-A30D-A4E25F819A6E}
	EndGlobalSection
EndGlobal
